
Microsoft Visual Studio Solution File, Format Version 12.00
# Visual Studio Version 17
VisualStudioVersion = 17.2.32516.85
MinimumVisualStudioVersion = 10.0.40219.1
Project("{FAE04EC0-301F-11D3-BF4B-00C04F79EFBC}") = "MvcSeriesPersonajesPGS", "MvcSeriesPersonajesPGS\MvcSeriesPersonajesPGS.csproj", "{EF8ACBEB-CDE3-40AD-ACBD-12CEF6D39528}"
EndProject
Global
	GlobalSection(SolutionConfigurationPlatforms) = preSolution
		Debug|Any CPU = Debug|Any CPU
		Release|Any CPU = Release|Any CPU
	EndGlobalSection
	GlobalSection(ProjectConfigurationPlatforms) = postSolution
		{EF8ACBEB-CDE3-40AD-ACBD-12CEF6D39528}.Debug|Any CPU.ActiveCfg = Debug|Any CPU
		{EF8ACBEB-CDE3-40AD-ACBD-12CEF6D39528}.Debug|Any CPU.Build.0 = Debug|Any CPU
		{EF8ACBEB-CDE3-40AD-ACBD-12CEF6D39528}.Release|Any CPU.ActiveCfg = Release|Any CPU
		{EF8ACBEB-CDE3-40AD-ACBD-12CEF6D39528}.Release|Any CPU.Build.0 = Release|Any CPU
	EndGlobalSection
	GlobalSection(SolutionProperties) = preSolution
		HideSolutionNode = FALSE
	EndGlobalSection
	GlobalSection(ExtensibilityGlobals) = postSolution
		SolutionGuid = {F047A537-61EE-4D13-9AB6-09D7D5C1B143}
	EndGlobalSection
EndGlobal
